{
  "lockfileVersion": 1,
  "configVersion": 1,
  "workspaces": {
    "": {
      "name": "parcel-resolver-git",
      "dependencies": {
        "@parcel/plugin": "^2.0.0-beta.1",
      },
      "devDependencies": {
        "@parcel/types": "^2.0.0-beta.1",
      },
    },
  },
  "packages": {
    "@lezer/common": ["@lezer/common@1.5.2", "", {}, "sha512-sxQE460fPZyU3sdc8lafxiPwJHBzZRy/udNFynGQky1SePYBdhkBl1kOagA9uT3pxR8K09bOrmTUqA9wb/PjSQ=="],

    "@lezer/lr": ["@lezer/lr@1.4.10", "", { "dependencies": { "@lezer/common": "^1.0.0" } }, "sha512-rnCpTIBafOx4mRp43xOxDJbFipJm/c0cia/V5TiGlhmMa+wsSdoGmUN3w5Bqrks/09Q/D4tNAmWaT8p6NRi77A=="],

    "@lmdb/lmdb-darwin-arm64": ["@lmdb/lmdb-darwin-arm64@2.8.5", "", { "os": "darwin", "cpu": "arm64" }, "sha512-KPDeVScZgA1oq0CiPBcOa3kHIqU+pTOwRFDIhxvmf8CTNvqdZQYp5cCKW0bUk69VygB2PuTiINFWbY78aR2pQw=="],

    "@lmdb/lmdb-darwin-x64": ["@lmdb/lmdb-darwin-x64@2.8.5", "", { "os": "darwin", "cpu": "x64" }, "sha512-w/sLhN4T7MW1nB3R/U8WK5BgQLz904wh+/SmA2jD8NnF7BLLoUgflCNxOeSPOWp8geP6nP/+VjWzZVip7rZ1ug=="],

    "@lmdb/lmdb-linux-arm": ["@lmdb/lmdb-linux-arm@2.8.5", "", { "os": "linux", "cpu": "arm" }, "sha512-c0TGMbm2M55pwTDIfkDLB6BpIsgxV4PjYck2HiOX+cy/JWiBXz32lYbarPqejKs9Flm7YVAKSILUducU9g2RVg=="],

    "@lmdb/lmdb-linux-arm64": ["@lmdb/lmdb-linux-arm64@2.8.5", "", { "os": "linux", "cpu": "arm64" }, "sha512-vtbZRHH5UDlL01TT5jB576Zox3+hdyogvpcbvVJlmU5PdL3c5V7cj1EODdh1CHPksRl+cws/58ugEHi8bcj4Ww=="],

    "@lmdb/lmdb-linux-x64": ["@lmdb/lmdb-linux-x64@2.8.5", "", { "os": "linux", "cpu": "x64" }, "sha512-Xkc8IUx9aEhP0zvgeKy7IQ3ReX2N8N1L0WPcQwnZweWmOuKfwpS3GRIYqLtK5za/w3E60zhFfNdS+3pBZPytqQ=="],

    "@lmdb/lmdb-win32-x64": ["@lmdb/lmdb-win32-x64@2.8.5", "", { "os": "win32", "cpu": "x64" }, "sha512-4wvrf5BgnR8RpogHhtpCPJMKBmvyZPhhUtEwMJbXh0ni2BucpfF07jlmyM11zRqQ2XIq6PbC2j7W7UCCcm1rRQ=="],

    "@mischnic/json-sourcemap": ["@mischnic/json-sourcemap@0.1.1", "", { "dependencies": { "@lezer/common": "^1.0.0", "@lezer/lr": "^1.0.0", "json5": "^2.2.1" } }, "sha512-iA7+tyVqfrATAIsIRWQG+a7ZLLD0VaOCKV2Wd/v4mqIU3J9c4jx9p7S0nw1XH3gJCKNBOOwACOPYYSUu9pgT+w=="],

    "@msgpackr-extract/msgpackr-extract-darwin-arm64": ["@msgpackr-extract/msgpackr-extract-darwin-arm64@3.0.4", "", { "os": "darwin", "cpu": "arm64" }, "sha512-LCkGo6JDfaBhgST7UpPWgNgLINpcpabaHfyz5OBx75nUYxBsaEPxjnyNjWpeb/xBup/682QnBfRBy2/LvPutZQ=="],

    "@msgpackr-extract/msgpackr-extract-darwin-x64": ["@msgpackr-extract/msgpackr-extract-darwin-x64@3.0.4", "", { "os": "darwin", "cpu": "x64" }, "sha512-zExlW9zUJKZH/tOtVMttwjKa4Xm/3KcNjnE3dPN92uCktwavMxpgCA3MoJK/DOnTWsQgo224OaST27/mPNAf+w=="],

    "@msgpackr-extract/msgpackr-extract-linux-arm": ["@msgpackr-extract/msgpackr-extract-linux-arm@3.0.4", "", { "os": "linux", "cpu": "arm" }, "sha512-Tg3yX65f5GbtXLkrYEHE5oibZG9epyYWas7FogTTEJeDEF9JlXJzKgXaNhT3UXlTOeA+AfZpYZYZ0uPj7Cfquw=="],

    "@msgpackr-extract/msgpackr-extract-linux-arm64": ["@msgpackr-extract/msgpackr-extract-linux-arm64@3.0.4", "", { "os": "linux", "cpu": "arm64" }, "sha512-dgX0P/9wGPJeHFBG+ZmhgE6bmtMt7NP5CRBGyyktpopdk/mW4POnrpQsSLtKI1dwpc+pPLuXHDh6vvskyQE/sw=="],

    "@msgpackr-extract/msgpackr-extract-linux-x64": ["@msgpackr-extract/msgpackr-extract-linux-x64@3.0.4", "", { "os": "linux", "cpu": "x64" }, "sha512-8TNXMEjJc3QEy7R/x1INhgiU+XakDAFUzBhaz7+Rbrs8NH5UQeHQxxmzsSBJGyV6I1jW79undiQm8tOI+D+8FQ=="],

    "@msgpackr-extract/msgpackr-extract-win32-x64": ["@msgpackr-extract/msgpackr-extract-win32-x64@3.0.4", "", { "os": "win32", "cpu": "x64" }, "sha512-CmCXPQrkbwExx3j946/PtHWHbYJiCRBRDl4BlkRQcJB/YOwQxJRTpoo7aTsortjgoJ1x7opzTSxn7C+ASSLVjQ=="],

    "@parcel/cache": ["@parcel/cache@2.16.4", "", { "dependencies": { "@parcel/fs": "2.16.4", "@parcel/logger": "2.16.4", "@parcel/utils": "2.16.4", "lmdb": "2.8.5" }, "peerDependencies": { "@parcel/core": "^2.16.4" } }, "sha512-+uCyeElSga2MBbmbXpIj/WVKH7TByCrKaxtHbelfKKIJpYMgEHVjO4cuc7GUfTrUAmRUS8ZGvnX7Etgq6/jQhw=="],

    "@parcel/codeframe": ["@parcel/codeframe@2.16.4", "", { "dependencies": { "chalk": "^4.1.2" } }, "sha512-s64aMfOJoPrXhKH+Y98ahX0O8aXWvTR+uNlOaX4yFkpr4FFDnviLcGngDe/Yo4Qq2FJZ0P6dNswbJTUH9EGxkQ=="],

    "@parcel/core": ["@parcel/core@2.16.4", "", { "dependencies": { "@mischnic/json-sourcemap": "^0.1.1", "@parcel/cache": "2.16.4", "@parcel/diagnostic": "2.16.4", "@parcel/events": "2.16.4", "@parcel/feature-flags": "2.16.4", "@parcel/fs": "2.16.4", "@parcel/graph": "3.6.4", "@parcel/logger": "2.16.4", "@parcel/package-manager": "2.16.4", "@parcel/plugin": "2.16.4", "@parcel/profiler": "2.16.4", "@parcel/rust": "2.16.4", "@parcel/source-map": "^2.1.1", "@parcel/types": "2.16.4", "@parcel/utils": "2.16.4", "@parcel/workers": "2.16.4", "base-x": "^3.0.11", "browserslist": "^4.24.5", "clone": "^2.1.2", "dotenv": "^16.5.0", "dotenv-expand": "^11.0.7", "json5": "^2.2.3", "msgpackr": "^1.11.2", "nullthrows": "^1.1.1", "semver": "^7.7.1" } }, "sha512-a0CgrW5A5kwuSu5J1RFRoMQaMs9yagvfH2jJMYVw56+/7NRI4KOtu612SG9Y1ERWfY55ZwzyFxtLWvD6LO+Anw=="],

    "@parcel/diagnostic": ["@parcel/diagnostic@2.16.4", "", { "dependencies": { "@mischnic/json-sourcemap": "^0.1.1", "nullthrows": "^1.1.1" } }, "sha512-YN5CfX7lFd6yRLxyZT4Sj3sR6t7nnve4TdXSIqapXzQwL7Bw+sj79D95wTq2rCm3mzk5SofGxFAXul2/nG6gcQ=="],

    "@parcel/events": ["@parcel/events@2.16.4", "", {}, "sha512-slWQkBRAA7o0cN0BLEd+yCckPmlVRVhBZn5Pn6ktm4EzEtrqoMzMeJOxxH8TXaRzrQDYnTcnYIHFgXWd4kkUfg=="],

    "@parcel/feature-flags": ["@parcel/feature-flags@2.16.4", "", {}, "sha512-nYdx53siKPLYikHHxfzgjzzgxdrjquK6DMnuSgOTyIdRG4VHdEN0+NqKijRLuVgiUFo/dtxc2h+amwqFENMw8w=="],

    "@parcel/fs": ["@parcel/fs@2.16.4", "", { "dependencies": { "@parcel/feature-flags": "2.16.4", "@parcel/rust": "2.16.4", "@parcel/types-internal": "2.16.4", "@parcel/utils": "2.16.4", "@parcel/watcher": "^2.0.7", "@parcel/workers": "2.16.4" }, "peerDependencies": { "@parcel/core": "^2.16.4" } }, "sha512-maCMOiVn7oJYZlqlfxgLne8n6tSktIT1k0AeyBp4UGWCXyeJUJ+nL7QYShFpKNLtMLeF0cEtgwRAknWzbcDS1g=="],

    "@parcel/graph": ["@parcel/graph@3.6.4", "", { "dependencies": { "@parcel/feature-flags": "2.16.4", "nullthrows": "^1.1.1" } }, "sha512-Cj9yV+/k88kFhE+D+gz0YuNRpvNOCVDskO9pFqkcQhGbsGq6kg2XpZ9V7HlYraih31xf8Vb589bZOwjKIiHixQ=="],

    "@parcel/logger": ["@parcel/logger@2.16.4", "", { "dependencies": { "@parcel/diagnostic": "2.16.4", "@parcel/events": "2.16.4" } }, "sha512-QR8QLlKo7xAy9JBpPDAh0RvluaixqPCeyY7Fvo2K7hrU3r85vBNNi06pHiPbWoDmB4x1+QoFwMaGnJOHR+/fMA=="],

    "@parcel/markdown-ansi": ["@parcel/markdown-ansi@2.16.4", "", { "dependencies": { "chalk": "^4.1.2" } }, "sha512-0+oQApAVF3wMcQ6d1ZfZ0JsRzaMUYj9e4U+naj6YEsFsFGOPp+pQYKXBf1bobQeeB7cPKPT3SUHxFqced722Hw=="],

    "@parcel/node-resolver-core": ["@parcel/node-resolver-core@3.7.4", "", { "dependencies": { "@mischnic/json-sourcemap": "^0.1.1", "@parcel/diagnostic": "2.16.4", "@parcel/fs": "2.16.4", "@parcel/rust": "2.16.4", "@parcel/utils": "2.16.4", "nullthrows": "^1.1.1", "semver": "^7.7.1" } }, "sha512-b3VDG+um6IWW5CTod6M9hQsTX5mdIelKmam7mzxzgqg4j5hnycgTWqPMc9UxhYoUY/Q/PHfWepccNcKtvP5JiA=="],

    "@parcel/package-manager": ["@parcel/package-manager@2.16.4", "", { "dependencies": { "@parcel/diagnostic": "2.16.4", "@parcel/fs": "2.16.4", "@parcel/logger": "2.16.4", "@parcel/node-resolver-core": "3.7.4", "@parcel/types": "2.16.4", "@parcel/utils": "2.16.4", "@parcel/workers": "2.16.4", "@swc/core": "^1.11.24", "semver": "^7.7.1" }, "peerDependencies": { "@parcel/core": "^2.16.4" } }, "sha512-obWv9gZgdnkT3Kd+fBkKjhdNEY7zfOP5gVaox5i4nQstVCaVnDlMv5FwLEXwehL+WbwEcGyEGGxOHHkAFKk7Cg=="],

    "@parcel/plugin": ["@parcel/plugin@2.16.4", "", { "dependencies": { "@parcel/types": "2.16.4" } }, "sha512-aN2VQoRGC1eB41ZCDbPR/Sp0yKOxe31oemzPx1nJzOuebK2Q6FxSrJ9Bjj9j/YCaLzDtPwelsuLOazzVpXJ6qg=="],

    "@parcel/profiler": ["@parcel/profiler@2.16.4", "", { "dependencies": { "@parcel/diagnostic": "2.16.4", "@parcel/events": "2.16.4", "@parcel/types-internal": "2.16.4", "chrome-trace-event": "^1.0.2" } }, "sha512-R3JhfcnoReTv2sVFHPR2xKZvs3d3IRrBl9sWmAftbIJFwT4rU70/W7IdwfaJVkD/6PzHq9mcgOh1WKL4KAxPdA=="],

    "@parcel/rust": ["@parcel/rust@2.16.4", "", { "optionalDependencies": { "@parcel/rust-darwin-arm64": "2.16.4", "@parcel/rust-darwin-x64": "2.16.4", "@parcel/rust-linux-arm-gnueabihf": "2.16.4", "@parcel/rust-linux-arm64-gnu": "2.16.4", "@parcel/rust-linux-arm64-musl": "2.16.4", "@parcel/rust-linux-x64-gnu": "2.16.4", "@parcel/rust-linux-x64-musl": "2.16.4", "@parcel/rust-win32-x64-msvc": "2.16.4" }, "peerDependencies": { "napi-wasm": "^1.1.2" }, "optionalPeers": ["napi-wasm"] }, "sha512-RBMKt9rCdv6jr4vXG6LmHtxzO5TuhQvXo1kSoSIF7fURRZ81D1jzBtLxwLmfxCPsofJNqWwdhy5vIvisX+TLlQ=="],

    "@parcel/rust-darwin-arm64": ["@parcel/rust-darwin-arm64@2.16.4", "", { "os": "darwin", "cpu": "arm64" }, "sha512-P3Se36H9EO1fOlwXqQNQ+RsVKTGn5ztRSUGbLcT8ba6oOMmU1w7J4R810GgsCbwCuF10TJNUMkuD3Q2Sz15Q3Q=="],

    "@parcel/rust-darwin-x64": ["@parcel/rust-darwin-x64@2.16.4", "", { "os": "darwin", "cpu": "x64" }, "sha512-8aNKNyPIx3EthYpmVJevIdHmFsOApXAEYGi3HU69jTxLgSIfyEHDdGE9lEsMvhSrd/SSo4/euAtiV+pqK04wnA=="],

    "@parcel/rust-linux-arm-gnueabihf": ["@parcel/rust-linux-arm-gnueabihf@2.16.4", "", { "os": "linux", "cpu": "arm" }, "sha512-QrvqiSHaWRLc0JBHgUHVvDthfWSkA6AFN+ikV1UGENv4j2r/QgvuwJiG0VHrsL6pH5dRqj0vvngHzEgguke9DA=="],

    "@parcel/rust-linux-arm64-gnu": ["@parcel/rust-linux-arm64-gnu@2.16.4", "", { "os": "linux", "cpu": "arm64" }, "sha512-f3gBWQHLHRUajNZi3SMmDQiEx54RoRbXtZYQNuBQy7+NolfFcgb1ik3QhkT7xovuTF/LBmaqP3UFy0PxvR/iwQ=="],

    "@parcel/rust-linux-arm64-musl": ["@parcel/rust-linux-arm64-musl@2.16.4", "", { "os": "linux", "cpu": "arm64" }, "sha512-cwml18RNKsBwHyZnrZg4jpecXkWjaY/mCArocWUxkFXjjB97L56QWQM9W86f2/Y3HcFcnIGJwx1SDDKJrV6OIA=="],

    "@parcel/rust-linux-x64-gnu": ["@parcel/rust-linux-x64-gnu@2.16.4", "", { "os": "linux", "cpu": "x64" }, "sha512-0xIjQaN8hiG0F9R8coPYidHslDIrbfOS/qFy5GJNbGA3S49h61wZRBMQqa7JFW4+2T8R0J9j0SKHhLXpbLXrIg=="],

    "@parcel/rust-linux-x64-musl": ["@parcel/rust-linux-x64-musl@2.16.4", "", { "os": "linux", "cpu": "x64" }, "sha512-fYn21GIecHK9RoZPKwT9NOwxwl3Gy3RYPR6zvsUi0+hpFo19Ph9EzFXN3lT8Pi5KiwQMCU4rsLb5HoWOBM1FeA=="],

    "@parcel/rust-win32-x64-msvc": ["@parcel/rust-win32-x64-msvc@2.16.4", "", { "os": "win32", "cpu": "x64" }, "sha512-TcpWC3I1mJpfP2++018lgvM7UX0P8IrzNxceBTHUKEIDMwmAYrUKAQFiaU0j1Ldqk6yP8SPZD3cvphumsYpJOQ=="],

    "@parcel/source-map": ["@parcel/source-map@2.1.1", "", { "dependencies": { "detect-libc": "^1.0.3" } }, "sha512-Ejx1P/mj+kMjQb8/y5XxDUn4reGdr+WyKYloBljpppUy8gs42T+BNoEOuRYqDVdgPc6NxduzIDoJS9pOFfV5Ew=="],

    "@parcel/types": ["@parcel/types@2.16.4", "", { "dependencies": { "@parcel/types-internal": "2.16.4", "@parcel/workers": "2.16.4" } }, "sha512-ctx4mBskZHXeDVHg4OjMwx18jfYH9BzI/7yqbDQVGvd5lyA+/oVVzYdpele2J2i2sSaJ87cA8nb57GDQ8kHAqA=="],

    "@parcel/types-internal": ["@parcel/types-internal@2.16.4", "", { "dependencies": { "@parcel/diagnostic": "2.16.4", "@parcel/feature-flags": "2.16.4", "@parcel/source-map": "^2.1.1", "utility-types": "^3.11.0" } }, "sha512-PE6Qmt5cjzBxX+6MPLiF7r+twoC+V9Skt3zyuBQ+H1c0i9o07Bbz2NKX10nvlPukfmW6Fu/1RvTLkzBZR1bU6A=="],

    "@parcel/utils": ["@parcel/utils@2.16.4", "", { "dependencies": { "@parcel/codeframe": "2.16.4", "@parcel/diagnostic": "2.16.4", "@parcel/logger": "2.16.4", "@parcel/markdown-ansi": "2.16.4", "@parcel/rust": "2.16.4", "@parcel/source-map": "^2.1.1", "chalk": "^4.1.2", "nullthrows": "^1.1.1" } }, "sha512-lkmxQHcHyOWZLbV8t+h2CGZIkPiBurLm/TS5wNT7+tq0qt9KbVwL7FP2K93TbXhLMGTmpI79Bf3qKniPM167Mw=="],

    "@parcel/watcher": ["@parcel/watcher@2.5.6", "", { "dependencies": { "detect-libc": "^2.0.3", "is-glob": "^4.0.3", "node-addon-api": "^7.0.0", "picomatch": "^4.0.3" }, "optionalDependencies": { "@parcel/watcher-android-arm64": "2.5.6", "@parcel/watcher-darwin-arm64": "2.5.6", "@parcel/watcher-darwin-x64": "2.5.6", "@parcel/watcher-freebsd-x64": "2.5.6", "@parcel/watcher-linux-arm-glibc": "2.5.6", "@parcel/watcher-linux-arm-musl": "2.5.6", "@parcel/watcher-linux-arm64-glibc": "2.5.6", "@parcel/watcher-linux-arm64-musl": "2.5.6", "@parcel/watcher-linux-x64-glibc": "2.5.6", "@parcel/watcher-linux-x64-musl": "2.5.6", "@parcel/watcher-win32-arm64": "2.5.6", "@parcel/watcher-win32-ia32": "2.5.6", "@parcel/watcher-win32-x64": "2.5.6" } }, "sha512-tmmZ3lQxAe/k/+rNnXQRawJ4NjxO2hqiOLTHvWchtGZULp4RyFeh6aU4XdOYBFe2KE1oShQTv4AblOs2iOrNnQ=="],

    "@parcel/watcher-android-arm64": ["@parcel/watcher-android-arm64@2.5.6", "", { "os": "android", "cpu": "arm64" }, "sha512-YQxSS34tPF/6ZG7r/Ih9xy+kP/WwediEUsqmtf0cuCV5TPPKw/PQHRhueUo6JdeFJaqV3pyjm0GdYjZotbRt/A=="],

    "@parcel/watcher-darwin-arm64": ["@parcel/watcher-darwin-arm64@2.5.6", "", { "os": "darwin", "cpu": "arm64" }, "sha512-Z2ZdrnwyXvvvdtRHLmM4knydIdU9adO3D4n/0cVipF3rRiwP+3/sfzpAwA/qKFL6i1ModaabkU7IbpeMBgiVEA=="],

    "@parcel/watcher-darwin-x64": ["@parcel/watcher-darwin-x64@2.5.6", "", { "os": "darwin", "cpu": "x64" }, "sha512-HgvOf3W9dhithcwOWX9uDZyn1lW9R+7tPZ4sug+NGrGIo4Rk1hAXLEbcH1TQSqxts0NYXXlOWqVpvS1SFS4fRg=="],

    "@parcel/watcher-freebsd-x64": ["@parcel/watcher-freebsd-x64@2.5.6", "", { "os": "freebsd", "cpu": "x64" }, "sha512-vJVi8yd/qzJxEKHkeemh7w3YAn6RJCtYlE4HPMoVnCpIXEzSrxErBW5SJBgKLbXU3WdIpkjBTeUNtyBVn8TRng=="],

    "@parcel/watcher-linux-arm-glibc": ["@parcel/watcher-linux-arm-glibc@2.5.6", "", { "os": "linux", "cpu": "arm" }, "sha512-9JiYfB6h6BgV50CCfasfLf/uvOcJskMSwcdH1PHH9rvS1IrNy8zad6IUVPVUfmXr+u+Km9IxcfMLzgdOudz9EQ=="],

    "@parcel/watcher-linux-arm-musl": ["@parcel/watcher-linux-arm-musl@2.5.6", "", { "os": "linux", "cpu": "arm" }, "sha512-Ve3gUCG57nuUUSyjBq/MAM0CzArtuIOxsBdQ+ftz6ho8n7s1i9E1Nmk/xmP323r2YL0SONs1EuwqBp2u1k5fxg=="],

    "@parcel/watcher-linux-arm64-glibc": ["@parcel/watcher-linux-arm64-glibc@2.5.6", "", { "os": "linux", "cpu": "arm64" }, "sha512-f2g/DT3NhGPdBmMWYoxixqYr3v/UXcmLOYy16Bx0TM20Tchduwr4EaCbmxh1321TABqPGDpS8D/ggOTaljijOA=="],

    "@parcel/watcher-linux-arm64-musl": ["@parcel/watcher-linux-arm64-musl@2.5.6", "", { "os": "linux", "cpu": "arm64" }, "sha512-qb6naMDGlbCwdhLj6hgoVKJl2odL34z2sqkC7Z6kzir8b5W65WYDpLB6R06KabvZdgoHI/zxke4b3zR0wAbDTA=="],

    "@parcel/watcher-linux-x64-glibc": ["@parcel/watcher-linux-x64-glibc@2.5.6", "", { "os": "linux", "cpu": "x64" }, "sha512-kbT5wvNQlx7NaGjzPFu8nVIW1rWqV780O7ZtkjuWaPUgpv2NMFpjYERVi0UYj1msZNyCzGlaCWEtzc+exjMGbQ=="],

    "@parcel/watcher-linux-x64-musl": ["@parcel/watcher-linux-x64-musl@2.5.6", "", { "os": "linux", "cpu": "x64" }, "sha512-1JRFeC+h7RdXwldHzTsmdtYR/Ku8SylLgTU/reMuqdVD7CtLwf0VR1FqeprZ0eHQkO0vqsbvFLXUmYm/uNKJBg=="],

    "@parcel/watcher-win32-arm64": ["@parcel/watcher-win32-arm64@2.5.6", "", { "os": "win32", "cpu": "arm64" }, "sha512-3ukyebjc6eGlw9yRt678DxVF7rjXatWiHvTXqphZLvo7aC5NdEgFufVwjFfY51ijYEWpXbqF5jtrK275z52D4Q=="],

    "@parcel/watcher-win32-ia32": ["@parcel/watcher-win32-ia32@2.5.6", "", { "os": "win32", "cpu": "ia32" }, "sha512-k35yLp1ZMwwee3Ez/pxBi5cf4AoBKYXj00CZ80jUz5h8prpiaQsiRPKQMxoLstNuqe2vR4RNPEAEcjEFzhEz/g=="],

    "@parcel/watcher-win32-x64": ["@parcel/watcher-win32-x64@2.5.6", "", { "os": "win32", "cpu": "x64" }, "sha512-hbQlYcCq5dlAX9Qx+kFb0FHue6vbjlf0FrNzSKdYK2APUf7tGfGxQCk2ihEREmbR6ZMc0MVAD5RIX/41gpUzTw=="],

    "@parcel/workers": ["@parcel/workers@2.16.4", "", { "dependencies": { "@parcel/diagnostic": "2.16.4", "@parcel/logger": "2.16.4", "@parcel/profiler": "2.16.4", "@parcel/types-internal": "2.16.4", "@parcel/utils": "2.16.4", "nullthrows": "^1.1.1" }, "peerDependencies": { "@parcel/core": "^2.16.4" } }, "sha512-dkBEWqnHXDZnRbTZouNt4uEGIslJT+V0c8OH1MPOfjISp1ucD6/u9ET8k9d/PxS9h1hL53og0SpBuuSEPLDl6A=="],

    "@swc/core": ["@swc/core@1.15.40", "", { "dependencies": { "@swc/counter": "^0.1.3", "@swc/types": "^0.1.26" }, "optionalDependencies": { "@swc/core-darwin-arm64": "1.15.40", "@swc/core-darwin-x64": "1.15.40", "@swc/core-linux-arm-gnueabihf": "1.15.40", "@swc/core-linux-arm64-gnu": "1.15.40", "@swc/core-linux-arm64-musl": "1.15.40", "@swc/core-linux-ppc64-gnu": "1.15.40", "@swc/core-linux-s390x-gnu": "1.15.40", "@swc/core-linux-x64-gnu": "1.15.40", "@swc/core-linux-x64-musl": "1.15.40", "@swc/core-win32-arm64-msvc": "1.15.40", "@swc/core-win32-ia32-msvc": "1.15.40", "@swc/core-win32-x64-msvc": "1.15.40" }, "peerDependencies": { "@swc/helpers": ">=0.5.17" }, "optionalPeers": ["@swc/helpers"] }, "sha512-2kwzJikRvgtNAG7MwVZY2vEzZjTxKIq5jXOihuSV/8U+Hej8Va22t65aKnJZs3P+NwojZvR8Mf8kyM7O+V8sQg=="],

    "@swc/core-darwin-arm64": ["@swc/core-darwin-arm64@1.15.40", "", { "os": "darwin", "cpu": "arm64" }, "sha512-PaYyclfmQ++77D8ityYvmmVzHv9aG8ROwt2GfG6/ccloy4Hgf80qtOnzb9VYvPsUT7Ty1uhuDRhv3XYpf62qhQ=="],

    "@swc/core-darwin-x64": ["@swc/core-darwin-x64@1.15.40", "", { "os": "darwin", "cpu": "x64" }, "sha512-HbbPzvfLBUXjIB1Ezks+//lNUjmLjfyd63XSwprJgrZaXYdm70kohXPJUWdqKZozolFxbPaO+xtBaiUp6BoueA=="],

    "@swc/core-linux-arm-gnueabihf": ["@swc/core-linux-arm-gnueabihf@1.15.40", "", { "os": "linux", "cpu": "arm" }, "sha512-SlRZsCjOCPR2LvFs0Ri/Xrx/5o5TCt8vl4gW6mX1hEZOG0a625RxzRHpHdAQNGykmAN/7IeaFAJG+QnNmxlHcA=="],

    "@swc/core-linux-arm64-gnu": ["@swc/core-linux-arm64-gnu@1.15.40", "", { "os": "linux", "cpu": "arm64" }, "sha512-Q8byxJt2fh8CR3EUX6snBpy47AoBVm+In/+Z3rjDHMjC38ZvR9/gtUUNCT0tfrn4EdVsO8/QPi59nxrxvqxvBQ=="],

    "@swc/core-linux-arm64-musl": ["@swc/core-linux-arm64-musl@1.15.40", "", { "os": "linux", "cpu": "arm64" }, "sha512-4z0MgHU+7M0pZDqBN1El7mFXDI1SBwinfcUkAyA4v8QrhOIUOZltySt2aStQLZGrdXVXM4Y4ylfiTC04ED+MoQ=="],

    "@swc/core-linux-ppc64-gnu": ["@swc/core-linux-ppc64-gnu@1.15.40", "", { "os": "linux", "cpu": "ppc64" }, "sha512-fLI4iUgeSZu0eRWUXwe6YzPFx9gHbFiPkl8Rp3mJfP8OpNR3nTQCGPvHdDh9xniW7mVvgMY4ni7A4VzqI1KrpA=="],

    "@swc/core-linux-s390x-gnu": ["@swc/core-linux-s390x-gnu@1.15.40", "", { "os": "linux", "cpu": "s390x" }, "sha512-YqeKMAb7d4nQSGMJQ454IlaCENpzcDqhvBE9+CPfdnYpnUXxd+BSrB6Xk0YjW8UyoEhUj4p6quATCxbsp6J3jg=="],

    "@swc/core-linux-x64-gnu": ["@swc/core-linux-x64-gnu@1.15.40", "", { "os": "linux", "cpu": "x64" }, "sha512-7HOuS1iGcme/j/TuL1TfmmLGiMQrjv/GmjyZeydl00FKPtpGXEldwqfI56xgd1YzrzoB2svWjxbGGyQ0TEASxg=="],

    "@swc/core-linux-x64-musl": ["@swc/core-linux-x64-musl@1.15.40", "", { "os": "linux", "cpu": "x64" }, "sha512-h4kZYHc7dpc9P9u4brRJaS8Pl7tPVHAeiLSzw7T5RfIJgAoSdaCMKzI/2Uay9gFhaw8uyCDl0L5q37r0EpAfIA=="],

    "@swc/core-win32-arm64-msvc": ["@swc/core-win32-arm64-msvc@1.15.40", "", { "os": "win32", "cpu": "arm64" }, "sha512-+mQgKZXSj6mV38Zh05QaxSjUDmGP/R2JWlXZTDLSPkDzHU6p3GxN9eeSf5dfyDVU86946fmCvSzyl/ucImx8+A=="],

    "@swc/core-win32-ia32-msvc": ["@swc/core-win32-ia32-msvc@1.15.40", "", { "os": "win32", "cpu": "ia32" }, "sha512-yvwdPLGd25mcj/mNatjNQ0lZujtQD6psH3v9PNmMb+fSzjbNG8KIDxjFWrcV+fsFVLOkyOmdJsFmX7NAFjVyPw=="],

    "@swc/core-win32-x64-msvc": ["@swc/core-win32-x64-msvc@1.15.40", "", { "os": "win32", "cpu": "x64" }, "sha512-OXtKsLU1bVtInzzDEAY2sYiF/rl4tvAnLLLpuMp3HzAOQZ5A+i69AKDhA1YLQTaMAqO3vzyYNVAYVRMPtSYD4w=="],

    "@swc/counter": ["@swc/counter@0.1.3", "", {}, "sha512-e2BR4lsJkkRlKZ/qCHPw9ZaSxc0MVUd7gtbtaB7aMvHeJVYe8sOB8DBZkP2DtISHGSku9sCK6T6cnY0CtXrOCQ=="],

    "@swc/types": ["@swc/types@0.1.26", "", { "dependencies": { "@swc/counter": "^0.1.3" } }, "sha512-lyMwd7WGgG79RS7EERZV3T8wMdmPq3xwyg+1nmAM64kIhx5yl+juO2PYIHb7vTiPgPCj8LYjsNV2T5wiQHUEaw=="],

    "ansi-styles": ["ansi-styles@4.3.0", "", { "dependencies": { "color-convert": "^2.0.1" } }, "sha512-zbB9rCJAT1rbjiVDb2hqKFHNYLxgtk8NURxZ3IZwD3F6NtxbXZQCnnSi1Lkx+IDohdPlFp222wVALIheZJQSEg=="],

    "base-x": ["base-x@3.0.11", "", { "dependencies": { "safe-buffer": "^5.0.1" } }, "sha512-xz7wQ8xDhdyP7tQxwdteLYeFfS68tSMNCZ/Y37WJ4bhGfKPpqEIlmIyueQHqOyoPhE6xNUqjzRr8ra0eF9VRvA=="],

    "baseline-browser-mapping": ["baseline-browser-mapping@2.10.34", "", { "bin": { "baseline-browser-mapping": "dist/cli.cjs" } }, "sha512-IMDedajPifLnHNY0X9n8hKxRTQ6/eTHwr5bDo04WnuqxyKw6LYtQywCuuqPZwhl3aBXMvQpJov42GLCwRRdQzw=="],

    "browserslist": ["browserslist@4.28.2", "", { "dependencies": { "baseline-browser-mapping": "^2.10.12", "caniuse-lite": "^1.0.30001782", "electron-to-chromium": "^1.5.328", "node-releases": "^2.0.36", "update-browserslist-db": "^1.2.3" }, "bin": { "browserslist": "cli.js" } }, "sha512-48xSriZYYg+8qXna9kwqjIVzuQxi+KYWp2+5nCYnYKPTr0LvD89Jqk2Or5ogxz0NUMfIjhh2lIUX/LyX9B4oIg=="],

    "caniuse-lite": ["caniuse-lite@1.0.30001797", "", {}, "sha512-l8xKG+gwAIExZGl9FrF7KUwuOmk6wbEPC9Xoy/RtnWv1XG0Q4LFlagaLpUv3Kiza3W/wm27zy0yWJEieYKAP6w=="],

    "chalk": ["chalk@4.1.2", "", { "dependencies": { "ansi-styles": "^4.1.0", "supports-color": "^7.1.0" } }, "sha512-oKnbhFyRIXpUuez8iBMmyEa4nbj4IOQyuhc/wy9kY7/WVPcwIO9VA668Pu8RkO7+0G76SLROeyw9CpQ061i4mA=="],

    "chrome-trace-event": ["chrome-trace-event@1.0.4", "", {}, "sha512-rNjApaLzuwaOTjCiT8lSDdGN1APCiqkChLMJxJPWLunPAt5fy8xgU9/jNOchV84wfIxrA0lRQB7oCT8jrn/wrQ=="],

    "clone": ["clone@2.1.2", "", {}, "sha512-3Pe/CF1Nn94hyhIYpjtiLhdCoEoz0DqQ+988E9gmeEdQZlojxnOb74wctFyuwWQHzqyf9X7C7MG8juUpqBJT8w=="],

    "color-convert": ["color-convert@2.0.1", "", { "dependencies": { "color-name": "~1.1.4" } }, "sha512-RRECPsj7iu/xb5oKYcsFHSppFNnsj/52OVTRKb4zP5onXwVF3zVmmToNcOfGC+CRDpfK/U584fMg38ZHCaElKQ=="],

    "color-name": ["color-name@1.1.4", "", {}, "sha512-dOy+3AuW3a2wNbZHIuMZpTcgjGuLU/uBL/ubcZF9OXbDo8ff4O8yVp5Bf0efS8uEoYo5q4Fx7dY9OgQGXgAsQA=="],

    "detect-libc": ["detect-libc@1.0.3", "", { "bin": { "detect-libc": "./bin/detect-libc.js" } }, "sha512-pGjwhsmsp4kL2RTz08wcOlGN83otlqHeD/Z5T8GXZB+/YcpQ/dgo+lbU8ZsGxV0HIvqqxo9l7mqYwyYMD9bKDg=="],

    "dotenv": ["dotenv@16.6.1", "", {}, "sha512-uBq4egWHTcTt33a72vpSG0z3HnPuIl6NqYcTrKEg2azoEyl2hpW0zqlxysq2pK9HlDIHyHyakeYaYnSAwd8bow=="],

    "dotenv-expand": ["dotenv-expand@11.0.7", "", { "dependencies": { "dotenv": "^16.4.5" } }, "sha512-zIHwmZPRshsCdpMDyVsqGmgyP0yT8GAgXUnkdAoJisxvf33k7yO6OuoKmcTGuXPWSsm8Oh88nZicRLA9Y0rUeA=="],

    "electron-to-chromium": ["electron-to-chromium@1.5.370", "", {}, "sha512-D5tSHJReAb/Kf3Hu9F/GO4lJuSWzEWHwvQ/kKSUP7pimNgvxkSKj+gUQhHpKKACwrin7rS3byU7IxreF56rl5g=="],

    "escalade": ["escalade@3.2.0", "", {}, "sha512-WUj2qlxaQtO4g6Pq5c29GTcWGDyd8itL8zTlipgECz3JesAiiOKotd8JU6otB3PACgG6xkJUyVhboMS+bje/jA=="],

    "has-flag": ["has-flag@4.0.0", "", {}, "sha512-EykJT/Q1KjTWctppgIAgfSO0tKVuZUjhgMr17kqTumMl6Afv3EISleU7qZUzoXDFTAHTDC4NOoG/ZxU3EvlMPQ=="],

    "is-extglob": ["is-extglob@2.1.1", "", {}, "sha512-SbKbANkN603Vi4jEZv49LeVJMn4yGwsbzZworEoyEiutsN3nJYdbO36zfhGJ6QEDpOZIFkDtnq5JRxmvl3jsoQ=="],

    "is-glob": ["is-glob@4.0.3", "", { "dependencies": { "is-extglob": "^2.1.1" } }, "sha512-xelSayHH36ZgE7ZWhli7pW34hNbNl8Ojv5KVmkJD4hBdD3th8Tfk9vYasLM+mXWOZhFkgZfxhLSnrwRr4elSSg=="],

    "json5": ["json5@2.2.3", "", { "bin": { "json5": "lib/cli.js" } }, "sha512-XmOWe7eyHYH14cLdVPoyg+GOH3rYX++KpzrylJwSW98t3Nk+U8XOl8FWKOgwtzdb8lXGf6zYwDUzeHMWfxasyg=="],

    "lmdb": ["lmdb@2.8.5", "", { "dependencies": { "msgpackr": "^1.9.5", "node-addon-api": "^6.1.0", "node-gyp-build-optional-packages": "5.1.1", "ordered-binary": "^1.4.1", "weak-lru-cache": "^1.2.2" }, "optionalDependencies": { "@lmdb/lmdb-darwin-arm64": "2.8.5", "@lmdb/lmdb-darwin-x64": "2.8.5", "@lmdb/lmdb-linux-arm": "2.8.5", "@lmdb/lmdb-linux-arm64": "2.8.5", "@lmdb/lmdb-linux-x64": "2.8.5", "@lmdb/lmdb-win32-x64": "2.8.5" }, "bin": { "download-lmdb-prebuilds": "bin/download-prebuilds.js" } }, "sha512-9bMdFfc80S+vSldBmG3HOuLVHnxRdNTlpzR6QDnzqCQtCzGUEAGTzBKYMeIM+I/sU4oZfgbcbS7X7F65/z/oxQ=="],

    "msgpackr": ["msgpackr@1.12.1", "", { "optionalDependencies": { "msgpackr-extract": "^3.0.2" } }, "sha512-4EUH9tQHnMmEgzW/MdAP0KIfa1T9AF+htl0ffe2n5vb2EKn9y2co8ccpgWko6S52Jy1PQZKwRnx5/KkYjtd9MQ=="],

    "msgpackr-extract": ["msgpackr-extract@3.0.4", "", { "dependencies": { "node-gyp-build-optional-packages": "5.2.2" }, "optionalDependencies": { "@msgpackr-extract/msgpackr-extract-darwin-arm64": "3.0.4", "@msgpackr-extract/msgpackr-extract-darwin-x64": "3.0.4", "@msgpackr-extract/msgpackr-extract-linux-arm": "3.0.4", "@msgpackr-extract/msgpackr-extract-linux-arm64": "3.0.4", "@msgpackr-extract/msgpackr-extract-linux-x64": "3.0.4", "@msgpackr-extract/msgpackr-extract-win32-x64": "3.0.4" }, "bin": { "download-msgpackr-prebuilds": "bin/download-prebuilds.js" } }, "sha512-4kmO/MdyUIkLIvTPr8VHLil4AtoKIoniWPIEk5+CDy0xnWC84azhSFmuJ7PxZdsYtiP5kEeQsORAVIeMgxT+Hw=="],

    "node-addon-api": ["node-addon-api@6.1.0", "", {}, "sha512-+eawOlIgy680F0kBzPUNFhMZGtJ1YmqM6l4+Crf4IkImjYrO/mqPwRMh352g23uIaQKFItcQ64I7KMaJxHgAVA=="],

    "node-gyp-build-optional-packages": ["node-gyp-build-optional-packages@5.1.1", "", { "dependencies": { "detect-libc": "^2.0.1" }, "bin": { "node-gyp-build-optional-packages": "bin.js", "node-gyp-build-optional-packages-test": "build-test.js", "node-gyp-build-optional-packages-optional": "optional.js" } }, "sha512-+P72GAjVAbTxjjwUmwjVrqrdZROD4nf8KgpBoDxqXXTiYZZt/ud60dE5yvCSr9lRO8e8yv6kgJIC0K0PfZFVQw=="],

    "node-releases": ["node-releases@2.0.47", "", {}, "sha512-Uzmd6LXpouKo8EUK68IjH4+E01w/hXyV3R3g/geCJo+rXLNfh1xucB+LOzYEOQPSiUK3h/xZf0cQGcSsmyL2Og=="],

    "nullthrows": ["nullthrows@1.1.1", "", {}, "sha512-2vPPEi+Z7WqML2jZYddDIfy5Dqb0r2fze2zTxNNknZaFpVHU3mFB3R+DWeJWGVx0ecvttSGlJTI+WG+8Z4cDWw=="],

    "ordered-binary": ["ordered-binary@1.6.1", "", {}, "sha512-QkCdPooczexPLiXIrbVOPYkR3VO3T6v2OyKRkR1Xbhpy7/LAVXwahnRCgRp78Oe/Ehf0C/HATAxfSr6eA1oX+w=="],

    "picocolors": ["picocolors@1.1.1", "", {}, "sha512-xceH2snhtb5M9liqDsmEw56le376mTZkEX/jEb/RxNFyegNul7eNslCXP9FDj/Lcu0X8KEyMceP2ntpaHrDEVA=="],

    "picomatch": ["picomatch@4.0.4", "", {}, "sha512-QP88BAKvMam/3NxH6vj2o21R6MjxZUAd6nlwAS/pnGvN9IVLocLHxGYIzFhg6fUQ+5th6P4dv4eW9jX3DSIj7A=="],

    "safe-buffer": ["safe-buffer@5.2.1", "", {}, "sha512-rp3So07KcdmmKbGvgaNxQSJr7bGVSVk5S9Eq1F+ppbRo70+YeaDxkw5Dd8NPN+GD6bjnYm2VuPuCXmpuYvmCXQ=="],

    "semver": ["semver@7.8.3", "", { "bin": { "semver": "bin/semver.js" } }, "sha512-wnilbGyMxzbY7dNOl7jpKbLSjcfeweJWU5j4+u5qW+6/wuGD9KzIGOyZnQVSBM9E7DtWaaH3CyHkppYrKYoxwg=="],

    "supports-color": ["supports-color@7.2.0", "", { "dependencies": { "has-flag": "^4.0.0" } }, "sha512-qpCAvRl9stuOHveKsn7HncJRvv501qIacKzQlO/+Lwxc9+0q2wLyv4Dfvt80/DPn2pqOBsJdDiogXGR9+OvwRw=="],

    "update-browserslist-db": ["update-browserslist-db@1.2.3", "", { "dependencies": { "escalade": "^3.2.0", "picocolors": "^1.1.1" }, "peerDependencies": { "browserslist": ">= 4.21.0" }, "bin": { "update-browserslist-db": "cli.js" } }, "sha512-Js0m9cx+qOgDxo0eMiFGEueWztz+d4+M3rGlmKPT+T4IS/jP4ylw3Nwpu6cpTTP8R1MAC1kF4VbdLt3ARf209w=="],

    "utility-types": ["utility-types@3.11.0", "", {}, "sha512-6Z7Ma2aVEWisaL6TvBCy7P8rm2LQoPv6dJ7ecIaIixHcwfbJ0x7mWdbcwlIM5IGQxPZSFYeqRCqlOOeKoJYMkw=="],

    "weak-lru-cache": ["weak-lru-cache@1.2.2", "", {}, "sha512-DEAoo25RfSYMuTGc9vPJzZcZullwIqRDSI9LOy+fkCJPi6hykCnfKaXTuPBDuXAUcqHXyOgFtHNp/kB2FjYHbw=="],

    "@parcel/watcher/detect-libc": ["detect-libc@2.1.2", "", {}, "sha512-Btj2BOOO83o3WyH59e8MgXsxEQVcarkUOpEYrubB0urwnN10yQ364rsiByU11nZlqWYZm05i/of7io4mzihBtQ=="],

    "@parcel/watcher/node-addon-api": ["node-addon-api@7.1.1", "", {}, "sha512-5m3bsyrjFWE1xf7nz7YXdN4udnVtXK6/Yfgn5qnahL6bCkf2yKt4k3nuTKAtT4r3IG8JNR2ncsIMdZuAzJjHQQ=="],

    "msgpackr-extract/node-gyp-build-optional-packages": ["node-gyp-build-optional-packages@5.2.2", "", { "dependencies": { "detect-libc": "^2.0.1" }, "bin": { "node-gyp-build-optional-packages": "bin.js", "node-gyp-build-optional-packages-optional": "optional.js", "node-gyp-build-optional-packages-test": "build-test.js" } }, "sha512-s+w+rBWnpTMwSFbaE0UXsRlg7hU4FjekKU4eyAih5T8nJuNZT1nNsskXpxmeqSK9UzkBl6UgRlnKc8hz8IEqOw=="],

    "node-gyp-build-optional-packages/detect-libc": ["detect-libc@2.1.2", "", {}, "sha512-Btj2BOOO83o3WyH59e8MgXsxEQVcarkUOpEYrubB0urwnN10yQ364rsiByU11nZlqWYZm05i/of7io4mzihBtQ=="],

    "msgpackr-extract/node-gyp-build-optional-packages/detect-libc": ["detect-libc@2.1.2", "", {}, "sha512-Btj2BOOO83o3WyH59e8MgXsxEQVcarkUOpEYrubB0urwnN10yQ364rsiByU11nZlqWYZm05i/of7io4mzihBtQ=="],
  }
}
